
Microsoft Visual Studio Solution File, Format Version 12.00
# Visual Studio 2012
Project("{FAE04EC0-301F-11D3-BF4B-00C04F79EFBC}") = "JPEG_TO_LED", "JPEG_TO_LED\JPEG_TO_LED.csproj", "{ADEBEAC6-1C31-4FB0-83D4-D3BFFE274C6F}"
EndProject
Global
	GlobalSection(SolutionConfigurationPlatforms) = preSolution
		Debug|Any CPU = Debug|Any CPU
		Release|Any CPU = Release|Any CPU
	EndGlobalSection
	GlobalSection(ProjectConfigurationPlatforms) = postSolution
		{ADEBEAC6-1C31-4FB0-83D4-D3BFFE274C6F}.Debug|Any CPU.ActiveCfg = Debug|Any CPU
		{ADEBEAC6-1C31-4FB0-83D4-D3BFFE274C6F}.Debug|Any CPU.Build.0 = Debug|Any CPU
		{ADEBEAC6-1C31-4FB0-83D4-D3BFFE274C6F}.Release|Any CPU.ActiveCfg = Release|Any CPU
		{ADEBEAC6-1C31-4FB0-83D4-D3BFFE274C6F}.Release|Any CPU.Build.0 = Release|Any CPU
	EndGlobalSection
	GlobalSection(SolutionProperties) = preSolution
		HideSolutionNode = FALSE
	EndGlobalSection
EndGlobal
